// !$*UTF8*$!
{
	archiveVersion = 1;
	classes = {
	};
	objectVersion = 50;
	objects = {

/* Begin PBXBuildFile section */
		A451A3C426F1CA2C00D83DE0 /* AppDelegate.swift in Sources */ = {isa = PBXBuildFile; fileRef = A451A3C326F1CA2C00D83DE0 /* AppDelegate.swift */; };
		A451A3C626F1CA2C00D83DE0 /* SceneDelegate.swift in Sources */ = {isa = PBXBuildFile; fileRef = A451A3C526F1CA2C00D83DE0 /* SceneDelegate.swift */; };
		A451A3C826F1CA2C00D83DE0 /* ViewController.swift in Sources */ = {isa = PBXBuildFile; fileRef = A451A3C726F1CA2C00D83DE0 /* ViewController.swift */; };
		A451A3CB26F1CA2C00D83DE0 /* Main.storyboard in Resources */ = {isa = PBXBuildFile; fileRef = A451A3C926F1CA2C00D83DE0 /* Main.storyboard */; };
		A451A3CD26F1CA2D00D83DE0 /* Assets.xcassets in Resources */ = {isa = PBXBuildFile; fileRef = A451A3CC26F1CA2D00D83DE0 /* Assets.xcassets */; };
		A451A3D026F1CA2D00D83DE0 /* LaunchScreen.storyboard in Resources */ = {isa = PBXBuildFile; fileRef = A451A3CE26F1CA2D00D83DE0 /* LaunchScreen.storyboard */; };
/* End PBXBuildFile section */

/* Begin PBXFileReference section */
		A451A3C026F1CA2C00D83DE0 /* Gamepedia.app */ = {isa = PBXFileReference; explicitFileType = wrapper.application; includeInIndex = 0; path = Gamepedia.app; sourceTree = BUILT_PRODUCTS_DIR; };
		A451A3C326F1CA2C00D83DE0 /* AppDelegate.swift */ = {isa = PBXFileReference; lastKnownFileType = sourcecode.swift; path = AppDelegate.swift; sourceTree = "<group>"; };
		A451A3C526F1CA2C00D83DE0 /* SceneDelegate.swift */ = {isa = PBXFileReference; lastKnownFileType = sourcecode.swift; path = SceneDelegate.swift; sourceTree = "<group>"; };
		A451A3C726F1CA2C00D83DE0 /* ViewController.swift */ = {isa = PBXFileReference; lastKnownFileType = sourcecode.swift; path = ViewController.swift; sourceTree = "<group>"; };
		A451A3CA26F1CA2C00D83DE0 /* Base */ = {isa = PBXFileReference; lastKnownFileType = file.storyboard; name = Base; path = Base.lproj/Main.storyboard; sourceTree = "<group>"; };
		A451A3CC26F1CA2D00D83DE0 /* Assets.xcassets */ = {isa = PBXFileReference; lastKnownFileType = folder.assetcatalog; path = Assets.xcassets; sourceTree = "<group>"; };
		A451A3CF26F1CA2D00D83DE0 /* Base */ = {isa = PBXFileReference; lastKnownFileType = file.storyboard; name = Base; path = Base.lproj/LaunchScreen.storyboard; sourceTree = "<group>"; };
		A451A3D126F1CA2D00D83DE0 /* Info.plist */ = {isa = PBXFileReference; lastKnownFileType = text.plist.xml; path = Info.plist; sourceTree = "<group>"; };
/* End PBXFileReference section */

/* Begin PBXFrameworksBuildPhase section */
		A451A3BD26F1CA2C00D83DE0 /* Frameworks */ = {
			isa = PBXFrameworksBuildPhase;
			buildActionMask = 2147483647;
			files = (
			);
			runOnlyForDeploymentPostprocessing = 0;
		};
/* End PBXFrameworksBuildPhase section */

/* Begin PBXGroup section */
		A451A3B726F1CA2C00D83DE0 = {
			isa = PBXGroup;
			children = (
				A451A3C226F1CA2C00D83DE0 /* Gamepedia */,
				A451A3C126F1CA2C00D83DE0 /* Products */,
			);
			sourceTree = "<group>";
		};
		A451A3C126F1CA2C00D83DE0 /* Products */ = {
			isa = PBXGroup;
			children = (
				A451A3C026F1CA2C00D83DE0 /* Gamepedia.app */,
			);
			name = Products;
			sourceTree = "<group>";
		};
		A451A3C226F1CA2C00D83DE0 /* Gamepedia */ = {
			isa = PBXGroup;
			children = (
				A451A3C326F1CA2C00D83DE0 /* AppDelegate.swift */,
				A451A3C526F1CA2C00D83DE0 /* SceneDelegate.swift */,
				A451A3C726F1CA2C00D83DE0 /* ViewController.swift */,
				A451A3C926F1CA2C00D83DE0 /* Main.storyboard */,
				A451A3CC26F1CA2D00D83DE0 /* Assets.xcassets */,
				A451A3CE26F1CA2D00D83DE0 /* LaunchScreen.storyboard */,
				A451A3D126F1CA2D00D83DE0 /* Info.plist */,
			);
			path = Gamepedia;
			sourceTree = "<group>";
		};
/* End PBXGroup section */

/* Begin PBXNativeTarget section */
		A451A3BF26F1CA2C00D83DE0 /* Gamepedia */ = {
			isa = PBXNativeTarget;
			buildConfigurationList = A451A3D426F1CA2D00D83DE0 /* Build configuration list for PBXNativeTarget "Gamepedia" */;
			buildPhases = (
				A451A3BC26F1CA2C00D83DE0 /* Sources */,
				A451A3BD26F1CA2C00D83DE0 /* Frameworks */,
				A451A3BE26F1CA2C00D83DE0 /* Resources */,
			);
			buildRules = (
			);
			dependencies = (
			);
			name = Gamepedia;
			productName = Gamepedia;
			productReference = A451A3C026F1CA2C00D83DE0 /* Gamepedia.app */;
			productType = "com.apple.product-type.application";
		};
/* End PBXNativeTarget section */

/* Begin PBXProject section */
		A451A3B826F1CA2C00D83DE0 /* Project object */ = {
			isa = PBXProject;
			attributes = {
				LastSwiftUpdateCheck = 1250;
				LastUpgradeCheck = 1250;
				TargetAttributes = {
					A451A3BF26F1CA2C00D83DE0 = {
						CreatedOnToolsVersion = 12.5.1;
					};
				};
			};
			buildConfigurationList = A451A3BB26F1CA2C00D83DE0 /* Build configuration list for PBXProject "Gamepedia" */;
			compatibilityVersion = "Xcode 9.3";
			developmentRegion = en;
			hasScannedForEncodings = 0;
			knownRegions = (
				en,
				Base,
			);
			mainGroup = A451A3B726F1CA2C00D83DE0;
			productRefGroup = A451A3C126F1CA2C00D83DE0 /* Products */;
			projectDirPath = "";
			projectRoot = "";
			targets = (
				A451A3BF26F1CA2C00D83DE0 /* Gamepedia */,
			);
		};
/* End PBXProject section */

/* Begin PBXResourcesBuildPhase section */
		A451A3BE26F1CA2C00D83DE0 /* Resources */ = {
			isa = PBXResourcesBuildPhase;
			buildActionMask = 2147483647;
			files = (
				A451A3D026F1CA2D00D83DE0 /* LaunchScreen.storyboard in Resources */,
				A451A3CD26F1CA2D00D83DE0 /* Assets.xcassets in Resources */,
				A451A3CB26F1CA2C00D83DE0 /* Main.storyboard in Resources */,
			);
			runOnlyForDeploymentPostprocessing = 0;
		};
/* End PBXResourcesBuildPhase section */

/* Begin PBXSourcesBuildPhase section */
		A451A3BC26F1CA2C00D83DE0 /* Sources */ = {
			isa = PBXSourcesBuildPhase;
			buildActionMask = 2147483647;
			files = (
				A451A3C826F1CA2C00D83DE0 /* ViewController.swift in Sources */,
				A451A3C426F1CA2C00D83DE0 /* AppDelegate.swift in Sources */,
				A451A3C626F1CA2C00D83DE0 /* SceneDelegate.swift in Sources */,
			);
			runOnlyForDeploymentPostprocessing = 0;
		};
/* End PBXSourcesBuildPhase section */

/* Begin PBXVariantGroup section */
		A451A3C926F1CA2C00D83DE0 /* Main.storyboard */ = {
			isa = PBXVariantGroup;
			children = (
				A451A3CA26F1CA2C00D83DE0 /* Base */,
			);
			name = Main.storyboard;
			sourceTree = "<group>";
		};
		A451A3CE26F1CA2D00D83DE0 /* LaunchScreen.storyboard */ = {
			isa = PBXVariantGroup;
			children = (
				A451A3CF26F1CA2D00D83DE0 /* Base */,
			);
			name = LaunchScreen.storyboard;
			sourceTree = "<group>";
		};
/* End PBXVariantGroup section */

/* Begin XCBuildConfiguration section */
		A451A3D226F1CA2D00D83DE0 /* Debug */ = {
			isa = XCBuildConfiguration;
			buildSettings = {
				ALWAYS_SEARCH_USER_PATHS = NO;
				CLANG_ANALYZER_NONNULL = YES;
				CLANG_ANALYZER_NUMBER_OBJECT_CONVERSION = YES_AGGRESSIVE;
				CLANG_CXX_LANGUAGE_STANDARD = "gnu++14";
				CLANG_CXX_LIBRARY = "libc++";
				CLANG_ENABLE_MODULES = YES;
				CLANG_ENABLE_OBJC_ARC = YES;
				CLANG_ENABLE_OBJC_WEAK = YES;
				CLANG_WARN_BLOCK_CAPTURE_AUTORELEASING = YES;
				CLANG_WARN_BOOL_CONVERSION = YES;
				CLANG_WARN_COMMA = YES;
				CLANG_WARN_CONSTANT_CONVERSION = YES;
				CLANG_WARN_DEPRECATED_OBJC_IMPLEMENTATIONS = YES;
				CLANG_WARN_DIRECT_OBJC_ISA_USAGE = YES_ERROR;
				CLANG_WARN_DOCUMENTATION_COMMENTS = YES;
				CLANG_WARN_EMPTY_BODY = YES;
				CLANG_WARN_ENUM_CONVERSION = YES;
				CLANG_WARN_INFINITE_RECURSION = YES;
				CLANG_WARN_INT_CONVERSION = YES;
				CLANG_WARN_NON_LITERAL_NULL_CONVERSION = YES;
				CLANG_WARN_OBJC_IMPLICIT_RETAIN_SELF = YES;
				CLANG_WARN_OBJC_LITERAL_CONVERSION = YES;
				CLANG_WARN_OBJC_ROOT_CLASS = YES_ERROR;
				CLANG_WARN_QUOTED_INCLUDE_IN_FRAMEWORK_HEADER = YES;
				CLANG_WARN_RANGE_LOOP_ANALYSIS = YES;
				CLANG_WARN_STRICT_PROTOTYPES = YES;
				CLANG_WARN_SUSPICIOUS_MOVE = YES;
				CLANG_WARN_UNGUARDED_AVAILABILITY = YES_AGGRESSIVE;
				CLANG_WARN_UNREACHABLE_CODE = YES;
				CLANG_WARN__DUPLICATE_METHOD_MATCH = YES;
				COPY_PHASE_STRIP = NO;
				DEBUG_INFORMATION_FORMAT = dwarf;
				ENABLE_STRICT_OBJC_MSGSEND = YES;
				ENABLE_TESTABILITY = YES;
				GCC_C_LANGUAGE_STANDARD = gnu11;
				GCC_DYNAMIC_NO_PIC = NO;
				GCC_NO_COMMON_BLOCKS = YES;
				GCC_OPTIMIZATION_LEVEL = 0;
				GCC_PREPROCESSOR_DEFINITIONS = (
					"DEBUG=1",
					"$(inherited)",
				);
				GCC_WARN_64_TO_32_BIT_CONVERSION = YES;
				GCC_WARN_ABOUT_RETURN_TYPE = YES_ERROR;
				GCC_WARN_UNDECLARED_SELECTOR = YES;
				GCC_WARN_UNINITIALIZED_AUTOS = YES_AGGRESSIVE;
				GCC_WARN_UNUSED_FUNCTION = YES;
				GCC_WARN_UNUSED_VARIABLE = YES;
				IPHONEOS_DEPLOYMENT_TARGET = 14.5;
				MTL_ENABLE_DEBUG_INFO = INCLUDE_SOURCE;
				MTL_FAST_MATH = YES;
				ONLY_ACTIVE_ARCH = YES;
				SDKROOT = iphoneos;
				SWIFT_ACTIVE_COMPILATION_CONDITIONS = DEBUG;
				SWIFT_OPTIMIZATION_LEVEL = "-Onone";
			};
			name = Debug;
		};
		A451A3D326F1CA2D00D83DE0 /* Release */ = {
			isa = XCBuildConfiguration;
			buildSettings = {
				ALWAYS_SEARCH_USER_PATHS = NO;
				CLANG_ANALYZER_NONNULL = YES;
				CLANG_ANALYZER_NUMBER_OBJECT_CONVERSION = YES_AGGRESSIVE;
				CLANG_CXX_LANGUAGE_STANDARD = "gnu++14";
				CLANG_CXX_LIBRARY = "libc++";
				CLANG_ENABLE_MODULES = YES;
				CLANG_ENABLE_OBJC_ARC = YES;
				CLANG_ENABLE_OBJC_WEAK = YES;
				CLANG_WARN_BLOCK_CAPTURE_AUTORELEASING = YES;
				CLANG_WARN_BOOL_CONVERSION = YES;
				CLANG_WARN_COMMA = YES;
				CLANG_WARN_CONSTANT_CONVERSION = YES;
				CLANG_WARN_DEPRECATED_OBJC_IMPLEMENTATIONS = YES;
				CLANG_WARN_DIRECT_OBJC_ISA_USAGE = YES_ERROR;
				CLANG_WARN_DOCUMENTATION_COMMENTS = YES;
				CLANG_WARN_EMPTY_BODY = YES;
				CLANG_WARN_ENUM_CONVERSION = YES;
				CLANG_WARN_INFINITE_RECURSION = YES;
				CLANG_WARN_INT_CONVERSION = YES;
				CLANG_WARN_NON_LITERAL_NULL_CONVERSION = YES;
				CLANG_WARN_OBJC_IMPLICIT_RETAIN_SELF = YES;
				CLANG_WARN_OBJC_LITERAL_CONVERSION = YES;
				CLANG_WARN_OBJC_ROOT_CLASS = YES_ERROR;
				CLANG_WARN_QUOTED_INCLUDE_IN_FRAMEWORK_HEADER = YES;
				CLANG_WARN_RANGE_LOOP_ANALYSIS = YES;
				CLANG_WARN_STRICT_PROTOTYPES = YES;
				CLANG_WARN_SUSPICIOUS_MOVE = YES;
				CLANG_WARN_UNGUARDED_AVAILABILITY = YES_AGGRESSIVE;
				CLANG_WARN_UNREACHABLE_CODE = YES;
				CLANG_WARN__DUPLICATE_METHOD_MATCH = YES;
				COPY_PHASE_STRIP = NO;
				DEBUG_INFORMATION_FORMAT = "dwarf-with-dsym";
				ENABLE_NS_ASSERTIONS = NO;
				ENABLE_STRICT_OBJC_MSGSEND = YES;
				GCC_C_LANGUAGE_STANDARD = gnu11;
				GCC_NO_COMMON_BLOCKS = YES;
				GCC_WARN_64_TO_32_BIT_CONVERSION = YES;
				GCC_WARN_ABOUT_RETURN_TYPE = YES_ERROR;
				GCC_WARN_UNDECLARED_SELECTOR = YES;
				GCC_WARN_UNINITIALIZED_AUTOS = YES_AGGRESSIVE;
				GCC_WARN_UNUSED_FUNCTION = YES;
				GCC_WARN_UNUSED_VARIABLE = YES;
				IPHONEOS_DEPLOYMENT_TARGET = 14.5;
				MTL_ENABLE_DEBUG_INFO = NO;
				MTL_FAST_MATH = YES;
				SDKROOT = iphoneos;
				SWIFT_COMPILATION_MODE = wholemodule;
				SWIFT_OPTIMIZATION_LEVEL = "-O";
				VALIDATE_PRODUCT = YES;
			};
			name = Release;
		};
		A451A3D526F1CA2D00D83DE0 /* Debug */ = {
			isa = XCBuildConfiguration;
			buildSettings = {
				ASSETCATALOG_COMPILER_APPICON_NAME = AppIcon;
				ASSETCATALOG_COMPILER_GLOBAL_ACCENT_COLOR_NAME = AccentColor;
				CODE_SIGN_STYLE = Automatic;
				INFOPLIST_FILE = Gamepedia/Info.plist;
				LD_RUNPATH_SEARCH_PATHS = (
					"$(inherited)",
					"@executable_path/Frameworks",
				);
				PRODUCT_BUNDLE_IDENTIFIER = com.dicoding.academy.Gamepedia;
				PRODUCT_NAME = "$(TARGET_NAME)";
				SWIFT_VERSION = 5.0;
				TARGETED_DEVICE_FAMILY = "1,2";
			};
			name = Debug;
		};
		A451A3D626F1CA2D00D83DE0 /* Release */ = {
			isa = XCBuildConfiguration;
			buildSettings = {
				ASSETCATALOG_COMPILER_APPICON_NAME = AppIcon;
				ASSETCATALOG_COMPILER_GLOBAL_ACCENT_COLOR_NAME = AccentColor;
				CODE_SIGN_STYLE = Automatic;
				INFOPLIST_FILE = Gamepedia/Info.plist;
				LD_RUNPATH_SEARCH_PATHS = (
					"$(inherited)",
					"@executable_path/Frameworks",
				);
				PRODUCT_BUNDLE_IDENTIFIER = com.dicoding.academy.Gamepedia;
				PRODUCT_NAME = "$(TARGET_NAME)";
				SWIFT_VERSION = 5.0;
				TARGETED_DEVICE_FAMILY = "1,2";
			};
			name = Release;
		};
/* End XCBuildConfiguration section */

/* Begin XCConfigurationList section */
		A451A3BB26F1CA2C00D83DE0 /* Build configuration list for PBXProject "Gamepedia" */ = {
			isa = XCConfigurationList;
			buildConfigurations = (
				A451A3D226F1CA2D00D83DE0 /* Debug */,
				A451A3D326F1CA2D00D83DE0 /* Release */,
			);
			defaultConfigurationIsVisible = 0;
			defaultConfigurationName = Release;
		};
		A451A3D426F1CA2D00D83DE0 /* Build configuration list for PBXNativeTarget "Gamepedia" */ = {
			isa = XCConfigurationList;
			buildConfigurations = (
				A451A3D526F1CA2D00D83DE0 /* Debug */,
				A451A3D626F1CA2D00D83DE0 /* Release */,
			);
			defaultConfigurationIsVisible = 0;
			defaultConfigurationName = Release;
		};
/* End XCConfigurationList section */
	};
	rootObject = A451A3B826F1CA2C00D83DE0 /* Project object */;
}
